
Microsoft Visual Studio Solution File, Format Version 12.00
# Visual Studio Version 16
VisualStudioVersion = 16.0.31829.152
MinimumVisualStudioVersion = 10.0.40219.1
Project("{FAE04EC0-301F-11D3-BF4B-00C04F79EFBC}") = "ExamplesApp", "ExamplesApp\ExamplesApp.csproj", "{4079D022-3DDD-47B9-8E48-DDA06EA57DF0}"
EndProject
Global
	GlobalSection(SolutionConfigurationPlatforms) = preSolution
		Debug|Any CPU = Debug|Any CPU
		Release|Any CPU = Release|Any CPU
	EndGlobalSection
	GlobalSection(ProjectConfigurationPlatforms) = postSolution
		{4079D022-3DDD-47B9-8E48-DDA06EA57DF0}.Debug|Any CPU.ActiveCfg = Debug|Any CPU
		{4079D022-3DDD-47B9-8E48-DDA06EA57DF0}.Debug|Any CPU.Build.0 = Debug|Any CPU
		{4079D022-3DDD-47B9-8E48-DDA06EA57DF0}.Release|Any CPU.ActiveCfg = Release|Any CPU
		{4079D022-3DDD-47B9-8E48-DDA06EA57DF0}.Release|Any CPU.Build.0 = Release|Any CPU
	EndGlobalSection
	GlobalSection(SolutionProperties) = preSolution
		HideSolutionNode = FALSE
	EndGlobalSection
	GlobalSection(ExtensibilityGlobals) = postSolution
		SolutionGuid = {DC91CE8F-181D-4E5F-BE64-C216C15B2A58}
	EndGlobalSection
EndGlobal
